
Microsoft Visual Studio Solution File, Format Version 12.00
Project("{FAE04EC0-301F-11D3-BF4B-00C04F79EFBC}") = "AvaloniaApplication1", "AvaloniaApplication1\AvaloniaApplication1.csproj", "{182647D3-168D-4C9B-B8FC-BCB43B18821F}"
EndProject
Global
	GlobalSection(SolutionConfigurationPlatforms) = preSolution
		Debug|Any CPU = Debug|Any CPU
		Release|Any CPU = Release|Any CPU
	EndGlobalSection
	GlobalSection(ProjectConfigurationPlatforms) = postSolution
		{182647D3-168D-4C9B-B8FC-BCB43B18821F}.Debug|Any CPU.ActiveCfg = Debug|Any CPU
		{182647D3-168D-4C9B-B8FC-BCB43B18821F}.Debug|Any CPU.Build.0 = Debug|Any CPU
		{182647D3-168D-4C9B-B8FC-BCB43B18821F}.Release|Any CPU.ActiveCfg = Release|Any CPU
		{182647D3-168D-4C9B-B8FC-BCB43B18821F}.Release|Any CPU.Build.0 = Release|Any CPU
	EndGlobalSection
EndGlobal
